// !$*UTF8*$!
{
	archiveVersion = 1;
	classes = {
	};
	objectVersion = 54;
	objects = {

/* Begin PBXBuildFile section */
		1E271E7427B7AF300052DA8E /* AppDelegate.swift in Sources */ = {isa = PBXBuildFile; fileRef = 1E271E7327B7AF300052DA8E /* AppDelegate.swift */; };
		1E271E7627B7AF300052DA8E /* SceneDelegate.swift in Sources */ = {isa = PBXBuildFile; fileRef = 1E271E7527B7AF300052DA8E /* SceneDelegate.swift */; };
		1E271E7D27B7AF320052DA8E /* Assets.xcassets in Resources */ = {isa = PBXBuildFile; fileRef = 1E271E7C27B7AF320052DA8E /* Assets.xcassets */; };
		1E271E8027B7AF320052DA8E /* LaunchScreen.storyboard in Resources */ = {isa = PBXBuildFile; fileRef = 1E271E7E27B7AF320052DA8E /* LaunchScreen.storyboard */; };
		1E8F4C4627CA1E800005B4AB /* Dishes.swift in Sources */ = {isa = PBXBuildFile; fileRef = 1E8F4C4527CA1E800005B4AB /* Dishes.swift */; };
		1E8F4C4E27CA3E640005B4AB /* Endpoint.swift in Sources */ = {isa = PBXBuildFile; fileRef = 1E8F4C4D27CA3E640005B4AB /* Endpoint.swift */; };
		1E8F4C5027CA49180005B4AB /* NetworkManager.swift in Sources */ = {isa = PBXBuildFile; fileRef = 1E8F4C4F27CA49180005B4AB /* NetworkManager.swift */; };
		1E8F4C5227CB3A750005B4AB /* URLSessionable.swift in Sources */ = {isa = PBXBuildFile; fileRef = 1E8F4C5127CB3A750005B4AB /* URLSessionable.swift */; };
		1E8F4C5427CB77850005B4AB /* NetworkError.swift in Sources */ = {isa = PBXBuildFile; fileRef = 1E8F4C5327CB77850005B4AB /* NetworkError.swift */; };
		1E8F4C5727CB78580005B4AB /* Requestable.swift in Sources */ = {isa = PBXBuildFile; fileRef = 1E8F4C5627CB78580005B4AB /* Requestable.swift */; };
		1E8F4C5927CB78890005B4AB /* Responsable.swift in Sources */ = {isa = PBXBuildFile; fileRef = 1E8F4C5827CB78890005B4AB /* Responsable.swift */; };
		1E8F4C5C27CB98B40005B4AB /* SearchDishesUseCase.swift in Sources */ = {isa = PBXBuildFile; fileRef = 1E8F4C5B27CB98B40005B4AB /* SearchDishesUseCase.swift */; };
		1E8F4C6027CB9ACA0005B4AB /* DishesRepository.swift in Sources */ = {isa = PBXBuildFile; fileRef = 1E8F4C5F27CB9ACA0005B4AB /* DishesRepository.swift */; };
		1E8F4C6227CBAC190005B4AB /* APIEndpoints.swift in Sources */ = {isa = PBXBuildFile; fileRef = 1E8F4C6127CBAC190005B4AB /* APIEndpoints.swift */; };
		1ED810C127D9A61500493DEE /* DishesListViewController.swift in Sources */ = {isa = PBXBuildFile; fileRef = 1ED810C027D9A61500493DEE /* DishesListViewController.swift */; };
		1ED810C327D9A64F00493DEE /* DishesListViewController.storyboard in Resources */ = {isa = PBXBuildFile; fileRef = 1ED810C227D9A64F00493DEE /* DishesListViewController.storyboard */; };
		1ED810C527D9C93F00493DEE /* DishesListCell.swift in Sources */ = {isa = PBXBuildFile; fileRef = 1ED810C427D9C93F00493DEE /* DishesListCell.swift */; };
		1ED810C927DA453000493DEE /* BadgeView.swift in Sources */ = {isa = PBXBuildFile; fileRef = 1ED810C827DA453000493DEE /* BadgeView.swift */; };
		1ED810CB27DAE87300493DEE /* PriceView.swift in Sources */ = {isa = PBXBuildFile; fileRef = 1ED810CA27DAE87300493DEE /* PriceView.swift */; };
		1ED810E027DB9E9800493DEE /* DetailDish.swift in Sources */ = {isa = PBXBuildFile; fileRef = 1ED810DF27DB9E9800493DEE /* DetailDish.swift */; };
		1ED9B20327CBBC3100428EF3 /* DishesListViewModel.swift in Sources */ = {isa = PBXBuildFile; fileRef = 1ED9B20227CBBC3100428EF3 /* DishesListViewModel.swift */; };
		1ED9B20527CBDBD200428EF3 /* SectionOfDishes.swift in Sources */ = {isa = PBXBuildFile; fileRef = 1ED9B20427CBDBD200428EF3 /* SectionOfDishes.swift */; };
		962C9BB12E332607ABA5A593 /* Pods_SideDishWithRx.framework in Frameworks */ = {isa = PBXBuildFile; fileRef = 70E99DBFCE3599C018BCD1DB /* Pods_SideDishWithRx.framework */; };
/* End PBXBuildFile section */

/* Begin PBXFileReference section */
		1CF68471E733790C1B767EE8 /* Pods-SideDishWithRx.debug.xcconfig */ = {isa = PBXFileReference; includeInIndex = 1; lastKnownFileType = text.xcconfig; name = "Pods-SideDishWithRx.debug.xcconfig"; path = "Target Support Files/Pods-SideDishWithRx/Pods-SideDishWithRx.debug.xcconfig"; sourceTree = "<group>"; };
		1E271E7027B7AF300052DA8E /* SideDishWithRx.app */ = {isa = PBXFileReference; explicitFileType = wrapper.application; includeInIndex = 0; path = SideDishWithRx.app; sourceTree = BUILT_PRODUCTS_DIR; };
		1E271E7327B7AF300052DA8E /* AppDelegate.swift */ = {isa = PBXFileReference; lastKnownFileType = sourcecode.swift; path = AppDelegate.swift; sourceTree = "<group>"; };
		1E271E7527B7AF300052DA8E /* SceneDelegate.swift */ = {isa = PBXFileReference; lastKnownFileType = sourcecode.swift; path = SceneDelegate.swift; sourceTree = "<group>"; };
		1E271E7C27B7AF320052DA8E /* Assets.xcassets */ = {isa = PBXFileReference; lastKnownFileType = folder.assetcatalog; path = Assets.xcassets; sourceTree = "<group>"; };
		1E271E7F27B7AF320052DA8E /* Base */ = {isa = PBXFileReference; lastKnownFileType = file.storyboard; name = Base; path = Base.lproj/LaunchScreen.storyboard; sourceTree = "<group>"; };
		1E271E8127B7AF320052DA8E /* Info.plist */ = {isa = PBXFileReference; lastKnownFileType = text.plist.xml; path = Info.plist; sourceTree = "<group>"; };
		1E8F4C4527CA1E800005B4AB /* Dishes.swift */ = {isa = PBXFileReference; lastKnownFileType = sourcecode.swift; path = Dishes.swift; sourceTree = "<group>"; };
		1E8F4C4D27CA3E640005B4AB /* Endpoint.swift */ = {isa = PBXFileReference; lastKnownFileType = sourcecode.swift; path = Endpoint.swift; sourceTree = "<group>"; };
		1E8F4C4F27CA49180005B4AB /* NetworkManager.swift */ = {isa = PBXFileReference; lastKnownFileType = sourcecode.swift; path = NetworkManager.swift; sourceTree = "<group>"; };
		1E8F4C5127CB3A750005B4AB /* URLSessionable.swift */ = {isa = PBXFileReference; lastKnownFileType = sourcecode.swift; path = URLSessionable.swift; sourceTree = "<group>"; };
		1E8F4C5327CB77850005B4AB /* NetworkError.swift */ = {isa = PBXFileReference; lastKnownFileType = sourcecode.swift; path = NetworkError.swift; sourceTree = "<group>"; };
		1E8F4C5627CB78580005B4AB /* Requestable.swift */ = {isa = PBXFileReference; lastKnownFileType = sourcecode.swift; path = Requestable.swift; sourceTree = "<group>"; };
		1E8F4C5827CB78890005B4AB /* Responsable.swift */ = {isa = PBXFileReference; lastKnownFileType = sourcecode.swift; path = Responsable.swift; sourceTree = "<group>"; };
		1E8F4C5B27CB98B40005B4AB /* SearchDishesUseCase.swift */ = {isa = PBXFileReference; lastKnownFileType = sourcecode.swift; path = SearchDishesUseCase.swift; sourceTree = "<group>"; };
		1E8F4C5F27CB9ACA0005B4AB /* DishesRepository.swift */ = {isa = PBXFileReference; lastKnownFileType = sourcecode.swift; path = DishesRepository.swift; sourceTree = "<group>"; };
		1E8F4C6127CBAC190005B4AB /* APIEndpoints.swift */ = {isa = PBXFileReference; lastKnownFileType = sourcecode.swift; path = APIEndpoints.swift; sourceTree = "<group>"; };
		1ED810C027D9A61500493DEE /* DishesListViewController.swift */ = {isa = PBXFileReference; lastKnownFileType = sourcecode.swift; path = DishesListViewController.swift; sourceTree = "<group>"; };
		1ED810C227D9A64F00493DEE /* DishesListViewController.storyboard */ = {isa = PBXFileReference; lastKnownFileType = file.storyboard; path = DishesListViewController.storyboard; sourceTree = "<group>"; };
		1ED810C427D9C93F00493DEE /* DishesListCell.swift */ = {isa = PBXFileReference; lastKnownFileType = sourcecode.swift; path = DishesListCell.swift; sourceTree = "<group>"; };
		1ED810C827DA453000493DEE /* BadgeView.swift */ = {isa = PBXFileReference; lastKnownFileType = sourcecode.swift; path = BadgeView.swift; sourceTree = "<group>"; };
		1ED810CA27DAE87300493DEE /* PriceView.swift */ = {isa = PBXFileReference; lastKnownFileType = sourcecode.swift; path = PriceView.swift; sourceTree = "<group>"; };
		1ED810DF27DB9E9800493DEE /* DetailDish.swift */ = {isa = PBXFileReference; lastKnownFileType = sourcecode.swift; path = DetailDish.swift; sourceTree = "<group>"; };
		1ED9B20227CBBC3100428EF3 /* DishesListViewModel.swift */ = {isa = PBXFileReference; lastKnownFileType = sourcecode.swift; path = DishesListViewModel.swift; sourceTree = "<group>"; };
		1ED9B20427CBDBD200428EF3 /* SectionOfDishes.swift */ = {isa = PBXFileReference; lastKnownFileType = sourcecode.swift; path = SectionOfDishes.swift; sourceTree = "<group>"; };
		70E99DBFCE3599C018BCD1DB /* Pods_SideDishWithRx.framework */ = {isa = PBXFileReference; explicitFileType = wrapper.framework; includeInIndex = 0; path = Pods_SideDishWithRx.framework; sourceTree = BUILT_PRODUCTS_DIR; };
		EDA07FDF0518CCFF70E982AC /* Pods-SideDishWithRx.release.xcconfig */ = {isa = PBXFileReference; includeInIndex = 1; lastKnownFileType = text.xcconfig; name = "Pods-SideDishWithRx.release.xcconfig"; path = "Target Support Files/Pods-SideDishWithRx/Pods-SideDishWithRx.release.xcconfig"; sourceTree = "<group>"; };
/* End PBXFileReference section */

/* Begin PBXFrameworksBuildPhase section */
		1E271E6D27B7AF300052DA8E /* Frameworks */ = {
			isa = PBXFrameworksBuildPhase;
			buildActionMask = 2147483647;
			files = (
				962C9BB12E332607ABA5A593 /* Pods_SideDishWithRx.framework in Frameworks */,
			);
			runOnlyForDeploymentPostprocessing = 0;
		};
/* End PBXFrameworksBuildPhase section */

/* Begin PBXGroup section */
		1E271E6727B7AF300052DA8E = {
			isa = PBXGroup;
			children = (
				1E271E7227B7AF300052DA8E /* SideDishWithRx */,
				1E271E7127B7AF300052DA8E /* Products */,
				C12551945FF7FB5052D77317 /* Pods */,
				A8FA930E82A9616E37D35702 /* Frameworks */,
			);
			sourceTree = "<group>";
		};
		1E271E7127B7AF300052DA8E /* Products */ = {
			isa = PBXGroup;
			children = (
				1E271E7027B7AF300052DA8E /* SideDishWithRx.app */,
			);
			name = Products;
			sourceTree = "<group>";
		};
		1E271E7227B7AF300052DA8E /* SideDishWithRx */ = {
			isa = PBXGroup;
			children = (
				1ED9B1FE27CBBBDE00428EF3 /* Presentation */,
				1E8F4C4B27CA3E2A0005B4AB /* Data */,
				1E8F4C4927CA33F90005B4AB /* Domain */,
				1E271E7327B7AF300052DA8E /* AppDelegate.swift */,
				1E271E7527B7AF300052DA8E /* SceneDelegate.swift */,
				1E271E7C27B7AF320052DA8E /* Assets.xcassets */,
				1E271E7E27B7AF320052DA8E /* LaunchScreen.storyboard */,
				1E271E8127B7AF320052DA8E /* Info.plist */,
			);
			path = SideDishWithRx;
			sourceTree = "<group>";
		};
		1E8F4C4927CA33F90005B4AB /* Domain */ = {
			isa = PBXGroup;
			children = (
				1E8F4C5A27CB987F0005B4AB /* UseCase */,
				1E8F4C4A27CA33FF0005B4AB /* Entity */,
			);
			path = Domain;
			sourceTree = "<group>";
		};
		1E8F4C4A27CA33FF0005B4AB /* Entity */ = {
			isa = PBXGroup;
			children = (
				1E8F4C4527CA1E800005B4AB /* Dishes.swift */,
				1ED9B20427CBDBD200428EF3 /* SectionOfDishes.swift */,
				1ED810DF27DB9E9800493DEE /* DetailDish.swift */,
			);
			path = Entity;
			sourceTree = "<group>";
		};
		1E8F4C4B27CA3E2A0005B4AB /* Data */ = {
			isa = PBXGroup;
			children = (
				1E8F4C5D27CB9A9A0005B4AB /* Repository */,
				1E8F4C4C27CA3E520005B4AB /* Network */,
			);
			path = Data;
			sourceTree = "<group>";
		};
		1E8F4C4C27CA3E520005B4AB /* Network */ = {
			isa = PBXGroup;
			children = (
				1E8F4C5527CB78450005B4AB /* Endpoint */,
				1E8F4C4F27CA49180005B4AB /* NetworkManager.swift */,
				1E8F4C5127CB3A750005B4AB /* URLSessionable.swift */,
				1E8F4C5327CB77850005B4AB /* NetworkError.swift */,
				1E8F4C6127CBAC190005B4AB /* APIEndpoints.swift */,
			);
			path = Network;
			sourceTree = "<group>";
		};
		1E8F4C5527CB78450005B4AB /* Endpoint */ = {
			isa = PBXGroup;
			children = (
				1E8F4C4D27CA3E640005B4AB /* Endpoint.swift */,
				1E8F4C5627CB78580005B4AB /* Requestable.swift */,
				1E8F4C5827CB78890005B4AB /* Responsable.swift */,
			);
			path = Endpoint;
			sourceTree = "<group>";
		};
		1E8F4C5A27CB987F0005B4AB /* UseCase */ = {
			isa = PBXGroup;
			children = (
				1E8F4C5B27CB98B40005B4AB /* SearchDishesUseCase.swift */,
			);
			path = UseCase;
			sourceTree = "<group>";
		};
		1E8F4C5D27CB9A9A0005B4AB /* Repository */ = {
			isa = PBXGroup;
			children = (
				1E8F4C5F27CB9ACA0005B4AB /* DishesRepository.swift */,
			);
			path = Repository;
			sourceTree = "<group>";
		};
		1ED810BF27D9A5DC00493DEE /* View */ = {
			isa = PBXGroup;
			children = (
				1ED810C027D9A61500493DEE /* DishesListViewController.swift */,
				1ED810C227D9A64F00493DEE /* DishesListViewController.storyboard */,
				1ED810C427D9C93F00493DEE /* DishesListCell.swift */,
				1ED810C827DA453000493DEE /* BadgeView.swift */,
				1ED810CA27DAE87300493DEE /* PriceView.swift */,
			);
			path = View;
			sourceTree = "<group>";
		};
		1ED9B1FE27CBBBDE00428EF3 /* Presentation */ = {
			isa = PBXGroup;
			children = (
				1ED9B1FF27CBBBED00428EF3 /* DishesScene */,
			);
			path = Presentation;
			sourceTree = "<group>";
		};
		1ED9B1FF27CBBBED00428EF3 /* DishesScene */ = {
			isa = PBXGroup;
			children = (
				1ED9B20027CBBC0100428EF3 /* DishesList */,
			);
			path = DishesScene;
			sourceTree = "<group>";
		};
		1ED9B20027CBBC0100428EF3 /* DishesList */ = {
			isa = PBXGroup;
			children = (
				1ED810BF27D9A5DC00493DEE /* View */,
				1ED9B20127CBBC1600428EF3 /* ViewModel */,
			);
			path = DishesList;
			sourceTree = "<group>";
		};
		1ED9B20127CBBC1600428EF3 /* ViewModel */ = {
			isa = PBXGroup;
			children = (
				1ED9B20227CBBC3100428EF3 /* DishesListViewModel.swift */,
			);
			path = ViewModel;
			sourceTree = "<group>";
		};
		A8FA930E82A9616E37D35702 /* Frameworks */ = {
			isa = PBXGroup;
			children = (
				70E99DBFCE3599C018BCD1DB /* Pods_SideDishWithRx.framework */,
			);
			name = Frameworks;
			sourceTree = "<group>";
		};
		C12551945FF7FB5052D77317 /* Pods */ = {
			isa = PBXGroup;
			children = (
				1CF68471E733790C1B767EE8 /* Pods-SideDishWithRx.debug.xcconfig */,
				EDA07FDF0518CCFF70E982AC /* Pods-SideDishWithRx.release.xcconfig */,
			);
			path = Pods;
			sourceTree = "<group>";
		};
/* End PBXGroup section */

/* Begin PBXNativeTarget section */
		1E271E6F27B7AF300052DA8E /* SideDishWithRx */ = {
			isa = PBXNativeTarget;
			buildConfigurationList = 1E271E8427B7AF320052DA8E /* Build configuration list for PBXNativeTarget "SideDishWithRx" */;
			buildPhases = (
				8217B6FA61ACDA12BBEF4730 /* [CP] Check Pods Manifest.lock */,
				1E271E6C27B7AF300052DA8E /* Sources */,
				1E271E6D27B7AF300052DA8E /* Frameworks */,
				1E271E6E27B7AF300052DA8E /* Resources */,
				8EA2E543C065ADDD1E494182 /* [CP] Embed Pods Frameworks */,
			);
			buildRules = (
			);
			dependencies = (
			);
			name = SideDishWithRx;
			productName = SideDishWithRx;
			productReference = 1E271E7027B7AF300052DA8E /* SideDishWithRx.app */;
			productType = "com.apple.product-type.application";
		};
/* End PBXNativeTarget section */

/* Begin PBXProject section */
		1E271E6827B7AF300052DA8E /* Project object */ = {
			isa = PBXProject;
			attributes = {
				BuildIndependentTargetsInParallel = 1;
				LastSwiftUpdateCheck = 1320;
				LastUpgradeCheck = 1320;
				TargetAttributes = {
					1E271E6F27B7AF300052DA8E = {
						CreatedOnToolsVersion = 13.2.1;
					};
				};
			};
			buildConfigurationList = 1E271E6B27B7AF300052DA8E /* Build configuration list for PBXProject "SideDishWithRx" */;
			compatibilityVersion = "Xcode 12.0";
			developmentRegion = en;
			hasScannedForEncodings = 0;
			knownRegions = (
				en,
				Base,
			);
			mainGroup = 1E271E6727B7AF300052DA8E;
			productRefGroup = 1E271E7127B7AF300052DA8E /* Products */;
			projectDirPath = "";
			projectRoot = "";
			targets = (
				1E271E6F27B7AF300052DA8E /* SideDishWithRx */,
			);
		};
/* End PBXProject section */

/* Begin PBXResourcesBuildPhase section */
		1E271E6E27B7AF300052DA8E /* Resources */ = {
			isa = PBXResourcesBuildPhase;
			buildActionMask = 2147483647;
			files = (
				1E271E8027B7AF320052DA8E /* LaunchScreen.storyboard in Resources */,
				1ED810C327D9A64F00493DEE /* DishesListViewController.storyboard in Resources */,
				1E271E7D27B7AF320052DA8E /* Assets.xcassets in Resources */,
			);
			runOnlyForDeploymentPostprocessing = 0;
		};
/* End PBXResourcesBuildPhase section */

/* Begin PBXShellScriptBuildPhase section */
		8217B6FA61ACDA12BBEF4730 /* [CP] Check Pods Manifest.lock */ = {
			isa = PBXShellScriptBuildPhase;
			buildActionMask = 2147483647;
			files = (
			);
			inputFileListPaths = (
			);
			inputPaths = (
				"${PODS_PODFILE_DIR_PATH}/Podfile.lock",
				"${PODS_ROOT}/Manifest.lock",
			);
			name = "[CP] Check Pods Manifest.lock";
			outputFileListPaths = (
			);
			outputPaths = (
				"$(DERIVED_FILE_DIR)/Pods-SideDishWithRx-checkManifestLockResult.txt",
			);
			runOnlyForDeploymentPostprocessing = 0;
			shellPath = /bin/sh;
			shellScript = "diff \"${PODS_PODFILE_DIR_PATH}/Podfile.lock\" \"${PODS_ROOT}/Manifest.lock\" > /dev/null\nif [ $? != 0 ] ; then\n    # print error to STDERR\n    echo \"error: The sandbox is not in sync with the Podfile.lock. Run 'pod install' or update your CocoaPods installation.\" >&2\n    exit 1\nfi\n# This output is used by Xcode 'outputs' to avoid re-running this script phase.\necho \"SUCCESS\" > \"${SCRIPT_OUTPUT_FILE_0}\"\n";
			showEnvVarsInLog = 0;
		};
		8EA2E543C065ADDD1E494182 /* [CP] Embed Pods Frameworks */ = {
			isa = PBXShellScriptBuildPhase;
			buildActionMask = 2147483647;
			files = (
			);
			inputFileListPaths = (
				"${PODS_ROOT}/Target Support Files/Pods-SideDishWithRx/Pods-SideDishWithRx-frameworks-${CONFIGURATION}-input-files.xcfilelist",
			);
			name = "[CP] Embed Pods Frameworks";
			outputFileListPaths = (
				"${PODS_ROOT}/Target Support Files/Pods-SideDishWithRx/Pods-SideDishWithRx-frameworks-${CONFIGURATION}-output-files.xcfilelist",
			);
			runOnlyForDeploymentPostprocessing = 0;
			shellPath = /bin/sh;
			shellScript = "\"${PODS_ROOT}/Target Support Files/Pods-SideDishWithRx/Pods-SideDishWithRx-frameworks.sh\"\n";
			showEnvVarsInLog = 0;
		};
/* End PBXShellScriptBuildPhase section */

/* Begin PBXSourcesBuildPhase section */
		1E271E6C27B7AF300052DA8E /* Sources */ = {
			isa = PBXSourcesBuildPhase;
			buildActionMask = 2147483647;
			files = (
				1E8F4C5027CA49180005B4AB /* NetworkManager.swift in Sources */,
				1E8F4C5427CB77850005B4AB /* NetworkError.swift in Sources */,
				1ED9B20327CBBC3100428EF3 /* DishesListViewModel.swift in Sources */,
				1ED810CB27DAE87300493DEE /* PriceView.swift in Sources */,
				1ED810C127D9A61500493DEE /* DishesListViewController.swift in Sources */,
				1ED810C527D9C93F00493DEE /* DishesListCell.swift in Sources */,
				1E8F4C5727CB78580005B4AB /* Requestable.swift in Sources */,
				1E271E7427B7AF300052DA8E /* AppDelegate.swift in Sources */,
				1E8F4C6027CB9ACA0005B4AB /* DishesRepository.swift in Sources */,
				1E8F4C5C27CB98B40005B4AB /* SearchDishesUseCase.swift in Sources */,
				1E271E7627B7AF300052DA8E /* SceneDelegate.swift in Sources */,
				1E8F4C6227CBAC190005B4AB /* APIEndpoints.swift in Sources */,
				1E8F4C5227CB3A750005B4AB /* URLSessionable.swift in Sources */,
				1ED810E027DB9E9800493DEE /* DetailDish.swift in Sources */,
				1ED810C927DA453000493DEE /* BadgeView.swift in Sources */,
				1ED9B20527CBDBD200428EF3 /* SectionOfDishes.swift in Sources */,
				1E8F4C4627CA1E800005B4AB /* Dishes.swift in Sources */,
				1E8F4C5927CB78890005B4AB /* Responsable.swift in Sources */,
				1E8F4C4E27CA3E640005B4AB /* Endpoint.swift in Sources */,
			);
			runOnlyForDeploymentPostprocessing = 0;
		};
/* End PBXSourcesBuildPhase section */

/* Begin PBXVariantGroup section */
		1E271E7E27B7AF320052DA8E /* LaunchScreen.storyboard */ = {
			isa = PBXVariantGroup;
			children = (
				1E271E7F27B7AF320052DA8E /* Base */,
			);
			name = LaunchScreen.storyboard;
			sourceTree = "<group>";
		};
/* End PBXVariantGroup section */

/* Begin XCBuildConfiguration section */
		1E271E8227B7AF320052DA8E /* Debug */ = {
			isa = XCBuildConfiguration;
			buildSettings = {
				ALWAYS_SEARCH_USER_PATHS = NO;
				CLANG_ANALYZER_NONNULL = YES;
				CLANG_ANALYZER_NUMBER_OBJECT_CONVERSION = YES_AGGRESSIVE;
				CLANG_CXX_LANGUAGE_STANDARD = "gnu++17";
				CLANG_CXX_LIBRARY = "libc++";
				CLANG_ENABLE_MODULES = YES;
				CLANG_ENABLE_OBJC_ARC = YES;
				CLANG_ENABLE_OBJC_WEAK = YES;
				CLANG_WARN_BLOCK_CAPTURE_AUTORELEASING = YES;
				CLANG_WARN_BOOL_CONVERSION = YES;
				CLANG_WARN_COMMA = YES;
				CLANG_WARN_CONSTANT_CONVERSION = YES;
				CLANG_WARN_DEPRECATED_OBJC_IMPLEMENTATIONS = YES;
				CLANG_WARN_DIRECT_OBJC_ISA_USAGE = YES_ERROR;
				CLANG_WARN_DOCUMENTATION_COMMENTS = YES;
				CLANG_WARN_EMPTY_BODY = YES;
				CLANG_WARN_ENUM_CONVERSION = YES;
				CLANG_WARN_INFINITE_RECURSION = YES;
				CLANG_WARN_INT_CONVERSION = YES;
				CLANG_WARN_NON_LITERAL_NULL_CONVERSION = YES;
				CLANG_WARN_OBJC_IMPLICIT_RETAIN_SELF = YES;
				CLANG_WARN_OBJC_LITERAL_CONVERSION = YES;
				CLANG_WARN_OBJC_ROOT_CLASS = YES_ERROR;
				CLANG_WARN_QUOTED_INCLUDE_IN_FRAMEWORK_HEADER = YES;
				CLANG_WARN_RANGE_LOOP_ANALYSIS = YES;
				CLANG_WARN_STRICT_PROTOTYPES = YES;
				CLANG_WARN_SUSPICIOUS_MOVE = YES;
				CLANG_WARN_UNGUARDED_AVAILABILITY = YES_AGGRESSIVE;
				CLANG_WARN_UNREACHABLE_CODE = YES;
				CLANG_WARN__DUPLICATE_METHOD_MATCH = YES;
				COPY_PHASE_STRIP = NO;
				DEBUG_INFORMATION_FORMAT = dwarf;
				ENABLE_STRICT_OBJC_MSGSEND = YES;
				ENABLE_TESTABILITY = YES;
				GCC_C_LANGUAGE_STANDARD = gnu11;
				GCC_DYNAMIC_NO_PIC = NO;
				GCC_NO_COMMON_BLOCKS = YES;
				GCC_OPTIMIZATION_LEVEL = 0;
				GCC_PREPROCESSOR_DEFINITIONS = (
					"DEBUG=1",
					"$(inherited)",
				);
				GCC_WARN_64_TO_32_BIT_CONVERSION = YES;
				GCC_WARN_ABOUT_RETURN_TYPE = YES_ERROR;
				GCC_WARN_UNDECLARED_SELECTOR = YES;
				GCC_WARN_UNINITIALIZED_AUTOS = YES_AGGRESSIVE;
				GCC_WARN_UNUSED_FUNCTION = YES;
				GCC_WARN_UNUSED_VARIABLE = YES;
				IPHONEOS_DEPLOYMENT_TARGET = 15.2;
				MTL_ENABLE_DEBUG_INFO = INCLUDE_SOURCE;
				MTL_FAST_MATH = YES;
				ONLY_ACTIVE_ARCH = YES;
				SDKROOT = iphoneos;
				SWIFT_ACTIVE_COMPILATION_CONDITIONS = DEBUG;
				SWIFT_OPTIMIZATION_LEVEL = "-Onone";
			};
			name = Debug;
		};
		1E271E8327B7AF320052DA8E /* Release */ = {
			isa = XCBuildConfiguration;
			buildSettings = {
				ALWAYS_SEARCH_USER_PATHS = NO;
				CLANG_ANALYZER_NONNULL = YES;
				CLANG_ANALYZER_NUMBER_OBJECT_CONVERSION = YES_AGGRESSIVE;
				CLANG_CXX_LANGUAGE_STANDARD = "gnu++17";
				CLANG_CXX_LIBRARY = "libc++";
				CLANG_ENABLE_MODULES = YES;
				CLANG_ENABLE_OBJC_ARC = YES;
				CLANG_ENABLE_OBJC_WEAK = YES;
				CLANG_WARN_BLOCK_CAPTURE_AUTORELEASING = YES;
				CLANG_WARN_BOOL_CONVERSION = YES;
				CLANG_WARN_COMMA = YES;
				CLANG_WARN_CONSTANT_CONVERSION = YES;
				CLANG_WARN_DEPRECATED_OBJC_IMPLEMENTATIONS = YES;
				CLANG_WARN_DIRECT_OBJC_ISA_USAGE = YES_ERROR;
				CLANG_WARN_DOCUMENTATION_COMMENTS = YES;
				CLANG_WARN_EMPTY_BODY = YES;
				CLANG_WARN_ENUM_CONVERSION = YES;
				CLANG_WARN_INFINITE_RECURSION = YES;
				CLANG_WARN_INT_CONVERSION = YES;
				CLANG_WARN_NON_LITERAL_NULL_CONVERSION = YES;
				CLANG_WARN_OBJC_IMPLICIT_RETAIN_SELF = YES;
				CLANG_WARN_OBJC_LITERAL_CONVERSION = YES;
				CLANG_WARN_OBJC_ROOT_CLASS = YES_ERROR;
				CLANG_WARN_QUOTED_INCLUDE_IN_FRAMEWORK_HEADER = YES;
				CLANG_WARN_RANGE_LOOP_ANALYSIS = YES;
				CLANG_WARN_STRICT_PROTOTYPES = YES;
				CLANG_WARN_SUSPICIOUS_MOVE = YES;
				CLANG_WARN_UNGUARDED_AVAILABILITY = YES_AGGRESSIVE;
				CLANG_WARN_UNREACHABLE_CODE = YES;
				CLANG_WARN__DUPLICATE_METHOD_MATCH = YES;
				COPY_PHASE_STRIP = NO;
				DEBUG_INFORMATION_FORMAT = "dwarf-with-dsym";
				ENABLE_NS_ASSERTIONS = NO;
				ENABLE_STRICT_OBJC_MSGSEND = YES;
				GCC_C_LANGUAGE_STANDARD = gnu11;
				GCC_NO_COMMON_BLOCKS = YES;
				GCC_WARN_64_TO_32_BIT_CONVERSION = YES;
				GCC_WARN_ABOUT_RETURN_TYPE = YES_ERROR;
				GCC_WARN_UNDECLARED_SELECTOR = YES;
				GCC_WARN_UNINITIALIZED_AUTOS = YES_AGGRESSIVE;
				GCC_WARN_UNUSED_FUNCTION = YES;
				GCC_WARN_UNUSED_VARIABLE = YES;
				IPHONEOS_DEPLOYMENT_TARGET = 15.2;
				MTL_ENABLE_DEBUG_INFO = NO;
				MTL_FAST_MATH = YES;
				SDKROOT = iphoneos;
				SWIFT_COMPILATION_MODE = wholemodule;
				SWIFT_OPTIMIZATION_LEVEL = "-O";
				VALIDATE_PRODUCT = YES;
			};
			name = Release;
		};
		1E271E8527B7AF320052DA8E /* Debug */ = {
			isa = XCBuildConfiguration;
			baseConfigurationReference = 1CF68471E733790C1B767EE8 /* Pods-SideDishWithRx.debug.xcconfig */;
			buildSettings = {
				ASSETCATALOG_COMPILER_APPICON_NAME = AppIcon;
				ASSETCATALOG_COMPILER_GLOBAL_ACCENT_COLOR_NAME = AccentColor;
				CODE_SIGN_STYLE = Automatic;
				CURRENT_PROJECT_VERSION = 1;
				DEVELOPMENT_TEAM = 7L5368DD56;
				GENERATE_INFOPLIST_FILE = YES;
				INFOPLIST_FILE = SideDishWithRx/Info.plist;
				INFOPLIST_KEY_UIApplicationSupportsIndirectInputEvents = YES;
				INFOPLIST_KEY_UILaunchStoryboardName = LaunchScreen;
				INFOPLIST_KEY_UISupportedInterfaceOrientations_iPad = "UIInterfaceOrientationPortrait UIInterfaceOrientationPortraitUpsideDown UIInterfaceOrientationLandscapeLeft UIInterfaceOrientationLandscapeRight";
				INFOPLIST_KEY_UISupportedInterfaceOrientations_iPhone = "UIInterfaceOrientationPortrait UIInterfaceOrientationLandscapeLeft UIInterfaceOrientationLandscapeRight";
				LD_RUNPATH_SEARCH_PATHS = (
					"$(inherited)",
					"@executable_path/Frameworks",
				);
				MARKETING_VERSION = 1.0;
				PRODUCT_BUNDLE_IDENTIFIER = HongzCloud.SideDishWithRx;
				PRODUCT_NAME = "$(TARGET_NAME)";
				SWIFT_EMIT_LOC_STRINGS = YES;
				SWIFT_VERSION = 5.0;
				TARGETED_DEVICE_FAMILY = "1,2";
			};
			name = Debug;
		};
		1E271E8627B7AF320052DA8E /* Release */ = {
			isa = XCBuildConfiguration;
			baseConfigurationReference = EDA07FDF0518CCFF70E982AC /* Pods-SideDishWithRx.release.xcconfig */;
			buildSettings = {
				ASSETCATALOG_COMPILER_APPICON_NAME = AppIcon;
				ASSETCATALOG_COMPILER_GLOBAL_ACCENT_COLOR_NAME = AccentColor;
				CODE_SIGN_STYLE = Automatic;
				CURRENT_PROJECT_VERSION = 1;
				DEVELOPMENT_TEAM = 7L5368DD56;
				GENERATE_INFOPLIST_FILE = YES;
				INFOPLIST_FILE = SideDishWithRx/Info.plist;
				INFOPLIST_KEY_UIApplicationSupportsIndirectInputEvents = YES;
				INFOPLIST_KEY_UILaunchStoryboardName = LaunchScreen;
				INFOPLIST_KEY_UISupportedInterfaceOrientations_iPad = "UIInterfaceOrientationPortrait UIInterfaceOrientationPortraitUpsideDown UIInterfaceOrientationLandscapeLeft UIInterfaceOrientationLandscapeRight";
				INFOPLIST_KEY_UISupportedInterfaceOrientations_iPhone = "UIInterfaceOrientationPortrait UIInterfaceOrientationLandscapeLeft UIInterfaceOrientationLandscapeRight";
				LD_RUNPATH_SEARCH_PATHS = (
					"$(inherited)",
					"@executable_path/Frameworks",
				);
				MARKETING_VERSION = 1.0;
				PRODUCT_BUNDLE_IDENTIFIER = HongzCloud.SideDishWithRx;
				PRODUCT_NAME = "$(TARGET_NAME)";
				SWIFT_EMIT_LOC_STRINGS = YES;
				SWIFT_VERSION = 5.0;
				TARGETED_DEVICE_FAMILY = "1,2";
			};
			name = Release;
		};
/* End XCBuildConfiguration section */

/* Begin XCConfigurationList section */
		1E271E6B27B7AF300052DA8E /* Build configuration list for PBXProject "SideDishWithRx" */ = {
			isa = XCConfigurationList;
			buildConfigurations = (
				1E271E8227B7AF320052DA8E /* Debug */,
				1E271E8327B7AF320052DA8E /* Release */,
			);
			defaultConfigurationIsVisible = 0;
			defaultConfigurationName = Release;
		};
		1E271E8427B7AF320052DA8E /* Build configuration list for PBXNativeTarget "SideDishWithRx" */ = {
			isa = XCConfigurationList;
			buildConfigurations = (
				1E271E8527B7AF320052DA8E /* Debug */,
				1E271E8627B7AF320052DA8E /* Release */,
			);
			defaultConfigurationIsVisible = 0;
			defaultConfigurationName = Release;
		};
/* End XCConfigurationList section */
	};
	rootObject = 1E271E6827B7AF300052DA8E /* Project object */;
}
